github.com/hugomods/shortcodes v0.13.2 h1:l/pahltOVCYv8Mz0Mg5bL1BLXWUxnTYYEVsy1XyorbM=
github.com/hugomods/shortcodes v0.13.2/go.mod h1:EnVopbZMNI/HeteM3Lp3phBTCRLvPSe7l142qhRFFPY=
github.com/jpanther/congo/v2 v2.8.0 h1:/XkKK/ywD2SgSwjeYxwx7lLXIM7tt9wS5MvUaAnv9u0=
github.com/jpanther/congo/v2 v2.8.0/go.mod h1:1S7DRoO1ZYS4YUdFd1LjTkdyjQwsjFWd8TqSfz3Jd+M=
